
Microsoft Visual Studio Solution File, Format Version 12.00
# Visual Studio Version 17
VisualStudioVersion = 17.3.32811.315
MinimumVisualStudioVersion = 10.0.40219.1
Project("{FAE04EC0-301F-11D3-BF4B-00C04F79EFBC}") = "Lab1CardClass", "Lab1CardClass\Lab1CardClass.csproj", "{FF52A14A-F06F-4D52-A1B4-6CDD15D49763}"
EndProject
Global
	GlobalSection(SolutionConfigurationPlatforms) = preSolution
		Debug|Any CPU = Debug|Any CPU
		Release|Any CPU = Release|Any CPU
	EndGlobalSection
	GlobalSection(ProjectConfigurationPlatforms) = postSolution
		{FF52A14A-F06F-4D52-A1B4-6CDD15D49763}.Debug|Any CPU.ActiveCfg = Debug|Any CPU
		{FF52A14A-F06F-4D52-A1B4-6CDD15D49763}.Debug|Any CPU.Build.0 = Debug|Any CPU
		{FF52A14A-F06F-4D52-A1B4-6CDD15D49763}.Release|Any CPU.ActiveCfg = Release|Any CPU
		{FF52A14A-F06F-4D52-A1B4-6CDD15D49763}.Release|Any CPU.Build.0 = Release|Any CPU
	EndGlobalSection
	GlobalSection(SolutionProperties) = preSolution
		HideSolutionNode = FALSE
	EndGlobalSection
	GlobalSection(ExtensibilityGlobals) = postSolution
		SolutionGuid = {D2BC63BA-AF46-4B56-A055-CA94D0BA693C}
	EndGlobalSection
EndGlobal
